
Microsoft Visual Studio Solution File, Format Version 12.00
# Visual Studio 15
VisualStudioVersion = 15.0.26730.3
MinimumVisualStudioVersion = 10.0.40219.1
Project("{FAE04EC0-301F-11D3-BF4B-00C04F79EFBC}") = "CarTheft", "CarTheft\CarTheft.csproj", "{FCEB4358-CB7C-49D4-91A5-318DE5D413C9}"
EndProject
Global
	GlobalSection(SolutionConfigurationPlatforms) = preSolution
		Debug|Any CPU = Debug|Any CPU
		Release|Any CPU = Release|Any CPU
	EndGlobalSection
	GlobalSection(ProjectConfigurationPlatforms) = postSolution
		{FCEB4358-CB7C-49D4-91A5-318DE5D413C9}.Debug|Any CPU.ActiveCfg = Debug|Any CPU
		{FCEB4358-CB7C-49D4-91A5-318DE5D413C9}.Debug|Any CPU.Build.0 = Debug|Any CPU
		{FCEB4358-CB7C-49D4-91A5-318DE5D413C9}.Release|Any CPU.ActiveCfg = Release|Any CPU
		{FCEB4358-CB7C-49D4-91A5-318DE5D413C9}.Release|Any CPU.Build.0 = Release|Any CPU
	EndGlobalSection
	GlobalSection(SolutionProperties) = preSolution
		HideSolutionNode = FALSE
	EndGlobalSection
	GlobalSection(ExtensibilityGlobals) = postSolution
		SolutionGuid = {305B6D12-A99C-486A-A2FA-B33EF95CF16E}
	EndGlobalSection
EndGlobal
